
Microsoft Visual Studio Solution File, Format Version 12.00
# Visual Studio Version 17
VisualStudioVersion = 17.7.34024.191
MinimumVisualStudioVersion = 10.0.40219.1
Project("{FAE04EC0-301F-11D3-BF4B-00C04F79EFBC}") = "EksamensProjekt", "EksamensProjekt\EksamensProjekt.csproj", "{AC389A05-14ED-46A7-9D0A-84F3D0F1DAE9}"
EndProject
Global
	GlobalSection(SolutionConfigurationPlatforms) = preSolution
		Debug|Any CPU = Debug|Any CPU
		Release|Any CPU = Release|Any CPU
	EndGlobalSection
	GlobalSection(ProjectConfigurationPlatforms) = postSolution
		{AC389A05-14ED-46A7-9D0A-84F3D0F1DAE9}.Debug|Any CPU.ActiveCfg = Debug|Any CPU
		{AC389A05-14ED-46A7-9D0A-84F3D0F1DAE9}.Debug|Any CPU.Build.0 = Debug|Any CPU
		{AC389A05-14ED-46A7-9D0A-84F3D0F1DAE9}.Release|Any CPU.ActiveCfg = Release|Any CPU
		{AC389A05-14ED-46A7-9D0A-84F3D0F1DAE9}.Release|Any CPU.Build.0 = Release|Any CPU
	EndGlobalSection
	GlobalSection(SolutionProperties) = preSolution
		HideSolutionNode = FALSE
	EndGlobalSection
	GlobalSection(ExtensibilityGlobals) = postSolution
		SolutionGuid = {F2AD18F0-4A30-4A0E-B657-F4F6B3D3EE8A}
	EndGlobalSection
EndGlobal
